
Microsoft Visual Studio Solution File, Format Version 12.00
# Visual Studio Version 17
VisualStudioVersion = 17.5.33516.290
MinimumVisualStudioVersion = 10.0.40219.1
Project("{FAE04EC0-301F-11D3-BF4B-00C04F79EFBC}") = "BattleShip2.0", "BattleShip2.0.csproj", "{EDE12C12-2D29-4070-9623-58E9190577BA}"
EndProject
Global
	GlobalSection(SolutionConfigurationPlatforms) = preSolution
		Debug|Any CPU = Debug|Any CPU
		Release|Any CPU = Release|Any CPU
	EndGlobalSection
	GlobalSection(ProjectConfigurationPlatforms) = postSolution
		{EDE12C12-2D29-4070-9623-58E9190577BA}.Debug|Any CPU.ActiveCfg = Debug|Any CPU
		{EDE12C12-2D29-4070-9623-58E9190577BA}.Debug|Any CPU.Build.0 = Debug|Any CPU
		{EDE12C12-2D29-4070-9623-58E9190577BA}.Release|Any CPU.ActiveCfg = Release|Any CPU
		{EDE12C12-2D29-4070-9623-58E9190577BA}.Release|Any CPU.Build.0 = Release|Any CPU
	EndGlobalSection
	GlobalSection(SolutionProperties) = preSolution
		HideSolutionNode = FALSE
	EndGlobalSection
	GlobalSection(ExtensibilityGlobals) = postSolution
		SolutionGuid = {A4F3C625-3AE2-44F8-A749-0DB95CE8A52B}
	EndGlobalSection
EndGlobal
